<?xml version="1.0" encoding="utf-8"?>
<Project ToolsVersion="4.0" xmlns="http://schemas.microsoft.com/developer/msbuild/2003">
  <ItemGroup>
    <Filter Include="Level">
      <UniqueIdentifier>{2cb1989b-70b4-4e81-9215-bb9b3472bc41}</UniqueIdentifier>
    </Filter>
    <Filter Include="Title">
      <UniqueIdentifier>{033f8729-5ab4-49c0-be6f-ab5c0b45dfe7}</UniqueIdentifier>
    </Filter>
    <Filter Include="Global">
      <UniqueIdentifier>{a8f3e960-ea93-442d-ba62-a9b03d42c80b}</UniqueIdentifier>
    </Filter>
    <Filter Include="Opening">
      <UniqueIdentifier>{200eb05a-767b-44ec-a6e8-c0eb9ee3f133}</UniqueIdentifier>
    </Filter>
    <Filter Include="Ending">
      <UniqueIdentifier>{63c4db3c-14c0-43d8-9ff1-c5fd0f2ac8ce}</UniqueIdentifier>
    </Filter>
    <Filter Include="Prologue">
      <UniqueIdentifier>{46a2b12c-9627-423c-ab71-60c1379a74e1}</UniqueIdentifier>
    </Filter>
    <Filter Include="Play">
      <UniqueIdentifier>{b765cdeb-645f-4ecf-89ae-9e0c25a95711}</UniqueIdentifier>
    </Filter>
  </ItemGroup>
  <ItemGroup>
    <ClInclude Include="HellTakerGame.h" />
    <ClInclude Include="EndingLevel.h">
      <Filter>Level</Filter>
    </ClInclude>
    <ClInclude Include="PlayLevel.h">
      <Filter>Level</Filter>
    </ClInclude>
    <ClInclude Include="TitleLevel.h">
      <Filter>Level</Filter>
    </ClInclude>
    <ClInclude Include="TitleBackGround.h">
      <Filter>Title</Filter>
    </ClInclude>
    <ClInclude Include="Block.h">
      <Filter>Global</Filter>
    </ClInclude>
    <ClInclude Include="MoveEffect.h">
      <Filter>Global</Filter>
    </ClInclude>
    <ClInclude Include="DeathAni.h">
      <Filter>Global</Filter>
    </ClInclude>
    <ClInclude Include="BadEnding.h">
      <Filter>Global</Filter>
    </ClInclude>
    <ClInclude Include="Thorn.h">
      <Filter>Global</Filter>
    </ClInclude>
    <ClInclude Include="Flame.h">
      <Filter>Global</Filter>
    </ClInclude>
    <ClInclude Include="LookBlock.h">
      <Filter>Global</Filter>
    </ClInclude>
    <ClInclude Include="Key.h">
      <Filter>Global</Filter>
    </ClInclude>
    <ClInclude Include="BotUI.h">
      <Filter>Global</Filter>
    </ClInclude>
    <ClInclude Include="Sucesss.h">
      <Filter>Global</Filter>
    </ClInclude>
    <ClInclude Include="SelectActor.h">
      <Filter>Global</Filter>
    </ClInclude>
    <ClInclude Include="Transition.h">
      <Filter>Global</Filter>
    </ClInclude>
    <ClInclude Include="ClearAni.h">
      <Filter>Global</Filter>
    </ClInclude>
    <ClInclude Include="PrologueScene.h">
      <Filter>Prologue</Filter>
    </ClInclude>
    <ClInclude Include="TitleCG.h">
      <Filter>Title</Filter>
    </ClInclude>
    <ClInclude Include="EndingScene.h">
      <Filter>Ending</Filter>
    </ClInclude>
    <ClInclude Include="OpeningLevel.h">
      <Filter>Level</Filter>
    </ClInclude>
    <ClInclude Include="PrologueLevel.h">
      <Filter>Level</Filter>
    </ClInclude>
    <ClInclude Include="BackGroundMap.h">
      <Filter>Play</Filter>
    </ClInclude>
    <ClInclude Include="DevilSD.h">
      <Filter>Play</Filter>
    </ClInclude>
    <ClInclude Include="Player.h">
      <Filter>Play</Filter>
    </ClInclude>
    <ClInclude Include="Skull.h">
      <Filter>Play</Filter>
    </ClInclude>
    <ClInclude Include="SideUI.h">
      <Filter>Play</Filter>
    </ClInclude>
    <ClInclude Include="OpeningBackGround.h">
      <Filter>Opening</Filter>
    </ClInclude>
    <ClInclude Include="UnityLogo.h">
      <Filter>Opening</Filter>
    </ClInclude>
    <ClInclude Include="TitleText.h">
      <Filter>Title</Filter>
    </ClInclude>
    <ClInclude Include="Booper.h">
      <Filter>Global</Filter>
    </ClInclude>
    <ClInclude Include="BlackBackGround.h">
      <Filter>Global</Filter>
    </ClInclude>
  </ItemGroup>
  <ItemGroup>
    <ClCompile Include="HellTakerGame.cpp" />
    <ClCompile Include="EndingLevel.cpp">
      <Filter>Level</Filter>
    </ClCompile>
    <ClCompile Include="PlayLevel.cpp">
      <Filter>Level</Filter>
    </ClCompile>
    <ClCompile Include="TitleLevel.cpp">
      <Filter>Level</Filter>
    </ClCompile>
    <ClCompile Include="TitleBackGround.cpp">
      <Filter>Title</Filter>
    </ClCompile>
    <ClCompile Include="Block.cpp">
      <Filter>Global</Filter>
    </ClCompile>
    <ClCompile Include="MoveEffect.cpp">
      <Filter>Global</Filter>
    </ClCompile>
    <ClCompile Include="DeathAni.cpp">
      <Filter>Global</Filter>
    </ClCompile>
    <ClCompile Include="BadEnding.cpp">
      <Filter>Global</Filter>
    </ClCompile>
    <ClCompile Include="Thorn.cpp">
      <Filter>Global</Filter>
    </ClCompile>
    <ClCompile Include="Flame.cpp">
      <Filter>Global</Filter>
    </ClCompile>
    <ClCompile Include="LookBlock.cpp">
      <Filter>Global</Filter>
    </ClCompile>
    <ClCompile Include="Key.cpp">
      <Filter>Global</Filter>
    </ClCompile>
    <ClCompile Include="BotUI.cpp">
      <Filter>Global</Filter>
    </ClCompile>
    <ClCompile Include="Sucesss.cpp">
      <Filter>Global</Filter>
    </ClCompile>
    <ClCompile Include="SelectActor.cpp">
      <Filter>Global</Filter>
    </ClCompile>
    <ClCompile Include="Transition.cpp">
      <Filter>Global</Filter>
    </ClCompile>
    <ClCompile Include="ClearAni.cpp">
      <Filter>Global</Filter>
    </ClCompile>
    <ClCompile Include="PrologueScene.cpp">
      <Filter>Prologue</Filter>
    </ClCompile>
    <ClCompile Include="TitleCG.cpp">
      <Filter>Title</Filter>
    </ClCompile>
    <ClCompile Include="EndingScene.cpp">
      <Filter>Ending</Filter>
    </ClCompile>
    <ClCompile Include="OpeningLevel.cpp">
      <Filter>Level</Filter>
    </ClCompile>
    <ClCompile Include="PrologueLevel.cpp">
      <Filter>Level</Filter>
    </ClCompile>
    <ClCompile Include="BackGroundMap.cpp">
      <Filter>Play</Filter>
    </ClCompile>
    <ClCompile Include="DevilSD.cpp">
      <Filter>Play</Filter>
    </ClCompile>
    <ClCompile Include="Player.cpp">
      <Filter>Play</Filter>
    </ClCompile>
    <ClCompile Include="Skull.cpp">
      <Filter>Play</Filter>
    </ClCompile>
    <ClCompile Include="SideUI.cpp">
      <Filter>Play</Filter>
    </ClCompile>
    <ClCompile Include="OpeningBackGround.cpp">
      <Filter>Opening</Filter>
    </ClCompile>
    <ClCompile Include="UnityLogo.cpp">
      <Filter>Opening</Filter>
    </ClCompile>
    <ClCompile Include="TitleText.cpp">
      <Filter>Title</Filter>
    </ClCompile>
    <ClCompile Include="Booper.cpp">
      <Filter>Global</Filter>
    </ClCompile>
    <ClCompile Include="BlackBackGround.cpp">
      <Filter>Global</Filter>
    </ClCompile>
  </ItemGroup>
</Project>