<?xml version="1.0" encoding="utf-8"?>
<Project ToolsVersion="4.0" xmlns="http://schemas.microsoft.com/developer/msbuild/2003">
  <ItemGroup>
    <Filter Include="Level">
      <UniqueIdentifier>{2cb1989b-70b4-4e81-9215-bb9b3472bc41}</UniqueIdentifier>
    </Filter>
    <Filter Include="Title">
      <UniqueIdentifier>{033f8729-5ab4-49c0-be6f-ab5c0b45dfe7}</UniqueIdentifier>
    </Filter>
    <Filter Include="Global">
      <UniqueIdentifier>{a8f3e960-ea93-442d-ba62-a9b03d42c80b}</UniqueIdentifier>
    </Filter>
    <Filter Include="Opening">
      <UniqueIdentifier>{200eb05a-767b-44ec-a6e8-c0eb9ee3f133}</UniqueIdentifier>
    </Filter>
    <Filter Include="Play">
      <UniqueIdentifier>{b765cdeb-645f-4ecf-89ae-9e0c25a95711}</UniqueIdentifier>
    </Filter>
    <Filter Include="Title\State">
      <UniqueIdentifier>{602ad891-491d-4eee-adca-01de1d37586c}</UniqueIdentifier>
    </Filter>
    <Filter Include="Ending">
      <UniqueIdentifier>{c3e08289-df0b-494a-add0-56e7f1fb5248}</UniqueIdentifier>
    </Filter>
    <Filter Include="Talk_Chapter8">
      <UniqueIdentifier>{0452d53f-08a3-45fc-9a53-74ee7b80993d}</UniqueIdentifier>
    </Filter>
    <Filter Include="Talk_Chapter8\Talk_Chapter8">
      <UniqueIdentifier>{50f8cc44-3f61-40e3-aff7-799971a303e1}</UniqueIdentifier>
    </Filter>
    <Filter Include="Death">
      <UniqueIdentifier>{03b8cb92-df48-4a2e-a15b-d19252f1e3eb}</UniqueIdentifier>
    </Filter>
    <Filter Include="Talk">
      <UniqueIdentifier>{4a717dff-d580-4b1d-8bcf-10d62d8ffeb0}</UniqueIdentifier>
    </Filter>
    <Filter Include="Talk\TalkState">
      <UniqueIdentifier>{9e50b793-0f44-4d71-bc27-1cc1bc45c069}</UniqueIdentifier>
    </Filter>
    <Filter Include="Death\DeathState">
      <UniqueIdentifier>{c158ab13-f1aa-4983-80d4-86178cc245f2}</UniqueIdentifier>
    </Filter>
    <Filter Include="SceneChange">
      <UniqueIdentifier>{bcde86f4-8d23-4912-b866-b09f472dc8d1}</UniqueIdentifier>
    </Filter>
    <Filter Include="Play\PlayState">
      <UniqueIdentifier>{7abfee69-97ff-4643-b964-b24005ccc62c}</UniqueIdentifier>
    </Filter>
  </ItemGroup>
  <ItemGroup>
    <ClInclude Include="HellTakerGame.h" />
    <ClInclude Include="EndingLevel.h">
      <Filter>Level</Filter>
    </ClInclude>
    <ClInclude Include="PlayLevel.h">
      <Filter>Level</Filter>
    </ClInclude>
    <ClInclude Include="TitleLevel.h">
      <Filter>Level</Filter>
    </ClInclude>
    <ClInclude Include="TitleBackGround.h">
      <Filter>Title</Filter>
    </ClInclude>
    <ClInclude Include="Flame.h">
      <Filter>Global</Filter>
    </ClInclude>
    <ClInclude Include="TitleCG.h">
      <Filter>Title</Filter>
    </ClInclude>
    <ClInclude Include="OpeningLevel.h">
      <Filter>Level</Filter>
    </ClInclude>
    <ClInclude Include="BackGroundMap.h">
      <Filter>Play</Filter>
    </ClInclude>
    <ClInclude Include="DevilSD.h">
      <Filter>Play</Filter>
    </ClInclude>
    <ClInclude Include="Player.h">
      <Filter>Play</Filter>
    </ClInclude>
    <ClInclude Include="Skull.h">
      <Filter>Play</Filter>
    </ClInclude>
    <ClInclude Include="SideUI.h">
      <Filter>Play</Filter>
    </ClInclude>
    <ClInclude Include="OpeningBackGround.h">
      <Filter>Opening</Filter>
    </ClInclude>
    <ClInclude Include="UnityLogo.h">
      <Filter>Opening</Filter>
    </ClInclude>
    <ClInclude Include="TitleText.h">
      <Filter>Title</Filter>
    </ClInclude>
    <ClInclude Include="Booper.h">
      <Filter>Global</Filter>
    </ClInclude>
    <ClInclude Include="BlackBackGround.h">
      <Filter>Global</Filter>
    </ClInclude>
    <ClInclude Include="TitleSelectActor.h">
      <Filter>Title</Filter>
    </ClInclude>
    <ClInclude Include="EndingScene.h">
      <Filter>Ending</Filter>
    </ClInclude>
    <ClInclude Include="TalkCG.h">
      <Filter>Talk</Filter>
    </ClInclude>
    <ClInclude Include="TalkText.h">
      <Filter>Talk</Filter>
    </ClInclude>
    <ClInclude Include="TalkSelectActor.h">
      <Filter>Talk</Filter>
    </ClInclude>
    <ClInclude Include="TalkLevel.h">
      <Filter>Level</Filter>
    </ClInclude>
    <ClInclude Include="TalkBackGround.h">
      <Filter>Talk</Filter>
    </ClInclude>
    <ClInclude Include="Talk_Chapter8Level.h">
      <Filter>Level</Filter>
    </ClInclude>
    <ClInclude Include="TalkCG_Chapter8.h">
      <Filter>Talk_Chapter8</Filter>
    </ClInclude>
    <ClInclude Include="TalkSelectActor_Chapter8.h">
      <Filter>Talk_Chapter8</Filter>
    </ClInclude>
    <ClInclude Include="TalkText_Chapter8.h">
      <Filter>Talk_Chapter8</Filter>
    </ClInclude>
    <ClInclude Include="Block.h">
      <Filter>Play</Filter>
    </ClInclude>
    <ClInclude Include="Thorn.h">
      <Filter>Play</Filter>
    </ClInclude>
    <ClInclude Include="Key.h">
      <Filter>Play</Filter>
    </ClInclude>
    <ClInclude Include="BotUI.h">
      <Filter>Play</Filter>
    </ClInclude>
    <ClInclude Include="DeathLevel.h">
      <Filter>Level</Filter>
    </ClInclude>
    <ClInclude Include="DeathScene.h">
      <Filter>Death</Filter>
    </ClInclude>
    <ClInclude Include="SceneChangeLevel.h">
      <Filter>Level</Filter>
    </ClInclude>
    <ClInclude Include="SceneChanger.h">
      <Filter>SceneChange</Filter>
    </ClInclude>
    <ClInclude Include="LookBlock.h">
      <Filter>Play</Filter>
    </ClInclude>
    <ClInclude Include="MoveEffect.h">
      <Filter>Play</Filter>
    </ClInclude>
  </ItemGroup>
  <ItemGroup>
    <ClCompile Include="HellTakerGame.cpp" />
    <ClCompile Include="EndingLevel.cpp">
      <Filter>Level</Filter>
    </ClCompile>
    <ClCompile Include="PlayLevel.cpp">
      <Filter>Level</Filter>
    </ClCompile>
    <ClCompile Include="TitleLevel.cpp">
      <Filter>Level</Filter>
    </ClCompile>
    <ClCompile Include="TitleBackGround.cpp">
      <Filter>Title</Filter>
    </ClCompile>
    <ClCompile Include="Flame.cpp">
      <Filter>Global</Filter>
    </ClCompile>
    <ClCompile Include="TitleCG.cpp">
      <Filter>Title</Filter>
    </ClCompile>
    <ClCompile Include="OpeningLevel.cpp">
      <Filter>Level</Filter>
    </ClCompile>
    <ClCompile Include="BackGroundMap.cpp">
      <Filter>Play</Filter>
    </ClCompile>
    <ClCompile Include="DevilSD.cpp">
      <Filter>Play</Filter>
    </ClCompile>
    <ClCompile Include="Player.cpp">
      <Filter>Play</Filter>
    </ClCompile>
    <ClCompile Include="Skull.cpp">
      <Filter>Play</Filter>
    </ClCompile>
    <ClCompile Include="SideUI.cpp">
      <Filter>Play</Filter>
    </ClCompile>
    <ClCompile Include="OpeningBackGround.cpp">
      <Filter>Opening</Filter>
    </ClCompile>
    <ClCompile Include="UnityLogo.cpp">
      <Filter>Opening</Filter>
    </ClCompile>
    <ClCompile Include="TitleText.cpp">
      <Filter>Title</Filter>
    </ClCompile>
    <ClCompile Include="Booper.cpp">
      <Filter>Global</Filter>
    </ClCompile>
    <ClCompile Include="BlackBackGround.cpp">
      <Filter>Global</Filter>
    </ClCompile>
    <ClCompile Include="TitleSelectActor.cpp">
      <Filter>Title</Filter>
    </ClCompile>
    <ClCompile Include="TtileTextState.cpp">
      <Filter>Title\State</Filter>
    </ClCompile>
    <ClCompile Include="TitleSelectActorState.cpp">
      <Filter>Title\State</Filter>
    </ClCompile>
    <ClCompile Include="EndingScene.cpp">
      <Filter>Ending</Filter>
    </ClCompile>
    <ClCompile Include="TalkCG.cpp">
      <Filter>Talk</Filter>
    </ClCompile>
    <ClCompile Include="TalkText.cpp">
      <Filter>Talk</Filter>
    </ClCompile>
    <ClCompile Include="TalkSelectActor.cpp">
      <Filter>Talk</Filter>
    </ClCompile>
    <ClCompile Include="TalkLevel.cpp">
      <Filter>Level</Filter>
    </ClCompile>
    <ClCompile Include="TalkBackGround.cpp">
      <Filter>Talk</Filter>
    </ClCompile>
    <ClCompile Include="TalkCGState.cpp">
      <Filter>Talk\TalkState</Filter>
    </ClCompile>
    <ClCompile Include="TalkTextState.cpp">
      <Filter>Talk\TalkState</Filter>
    </ClCompile>
    <ClCompile Include="TalkSelectActorState.cpp">
      <Filter>Talk\TalkState</Filter>
    </ClCompile>
    <ClCompile Include="Talk_Chapter8Level.cpp">
      <Filter>Level</Filter>
    </ClCompile>
    <ClCompile Include="TalkCG_Chapter8.cpp">
      <Filter>Talk_Chapter8</Filter>
    </ClCompile>
    <ClCompile Include="TalkSelectActor_Chapter8.cpp">
      <Filter>Talk_Chapter8</Filter>
    </ClCompile>
    <ClCompile Include="TalkText_Chapter8.cpp">
      <Filter>Talk_Chapter8</Filter>
    </ClCompile>
    <ClCompile Include="TalkSelectActorState_Chapter8.cpp">
      <Filter>Talk_Chapter8\Talk_Chapter8</Filter>
    </ClCompile>
    <ClCompile Include="TalkCG_Chapter8State.cpp">
      <Filter>Talk_Chapter8\Talk_Chapter8</Filter>
    </ClCompile>
    <ClCompile Include="TalkText_Chapter8State.cpp">
      <Filter>Talk_Chapter8\Talk_Chapter8</Filter>
    </ClCompile>
    <ClCompile Include="Block.cpp">
      <Filter>Play</Filter>
    </ClCompile>
    <ClCompile Include="Thorn.cpp">
      <Filter>Play</Filter>
    </ClCompile>
    <ClCompile Include="Key.cpp">
      <Filter>Play</Filter>
    </ClCompile>
    <ClCompile Include="BotUI.cpp">
      <Filter>Play</Filter>
    </ClCompile>
    <ClCompile Include="DeathLevel.cpp">
      <Filter>Level</Filter>
    </ClCompile>
    <ClCompile Include="DeathScene.cpp">
      <Filter>Death</Filter>
    </ClCompile>
    <ClCompile Include="DeathSceneState.cpp">
      <Filter>Death\DeathState</Filter>
    </ClCompile>
    <ClCompile Include="SceneChangeLevel.cpp">
      <Filter>Level</Filter>
    </ClCompile>
    <ClCompile Include="SceneChanger.cpp">
      <Filter>SceneChange</Filter>
    </ClCompile>
    <ClCompile Include="PlayerState.cpp">
      <Filter>Play\PlayState</Filter>
    </ClCompile>
    <ClCompile Include="LookBlock.cpp">
      <Filter>Play</Filter>
    </ClCompile>
    <ClCompile Include="MoveEffect.cpp">
      <Filter>Play</Filter>
    </ClCompile>
  </ItemGroup>
</Project>